
Microsoft Visual Studio Solution File, Format Version 12.00
# Visual Studio Version 17
VisualStudioVersion = 17.4.33213.308
MinimumVisualStudioVersion = 10.0.40219.1
Project("{9A19103F-16F7-4668-BE54-9A1E7A4F7556}") = "TcRelease", "TcRelease\TcRelease.csproj", "{04B5BC8D-5CD7-48AF-9C6B-60DC88C89E27}"
EndProject
Project("{9A19103F-16F7-4668-BE54-9A1E7A4F7556}") = "TcReleaseTest", "TcReleaseTest\TcReleaseTest.csproj", "{06C871E1-0105-46F9-A6D2-450CEC606646}"
EndProject
Project("{9A19103F-16F7-4668-BE54-9A1E7A4F7556}") = "XAE", "Solution\XAE.csproj", "{D1D75B92-AACD-4302-AC52-F9A6CC0DB096}"
EndProject
Global
	GlobalSection(SolutionConfigurationPlatforms) = preSolution
		Debug|Any CPU = Debug|Any CPU
		Debug|x86 = Debug|x86
		Release|Any CPU = Release|Any CPU
		Release|x86 = Release|x86
	EndGlobalSection
	GlobalSection(ProjectConfigurationPlatforms) = postSolution
		{04B5BC8D-5CD7-48AF-9C6B-60DC88C89E27}.Debug|Any CPU.ActiveCfg = Debug|Any CPU
		{04B5BC8D-5CD7-48AF-9C6B-60DC88C89E27}.Debug|Any CPU.Build.0 = Debug|Any CPU
		{04B5BC8D-5CD7-48AF-9C6B-60DC88C89E27}.Debug|x86.ActiveCfg = Debug|x86
		{04B5BC8D-5CD7-48AF-9C6B-60DC88C89E27}.Debug|x86.Build.0 = Debug|x86
		{04B5BC8D-5CD7-48AF-9C6B-60DC88C89E27}.Release|Any CPU.ActiveCfg = Release|Any CPU
		{04B5BC8D-5CD7-48AF-9C6B-60DC88C89E27}.Release|Any CPU.Build.0 = Release|Any CPU
		{04B5BC8D-5CD7-48AF-9C6B-60DC88C89E27}.Release|x86.ActiveCfg = Release|x86
		{04B5BC8D-5CD7-48AF-9C6B-60DC88C89E27}.Release|x86.Build.0 = Release|x86
		{06C871E1-0105-46F9-A6D2-450CEC606646}.Debug|Any CPU.ActiveCfg = Debug|Any CPU
		{06C871E1-0105-46F9-A6D2-450CEC606646}.Debug|Any CPU.Build.0 = Debug|Any CPU
		{06C871E1-0105-46F9-A6D2-450CEC606646}.Debug|x86.ActiveCfg = Debug|Any CPU
		{06C871E1-0105-46F9-A6D2-450CEC606646}.Debug|x86.Build.0 = Debug|Any CPU
		{06C871E1-0105-46F9-A6D2-450CEC606646}.Release|Any CPU.ActiveCfg = Release|Any CPU
		{06C871E1-0105-46F9-A6D2-450CEC606646}.Release|Any CPU.Build.0 = Release|Any CPU
		{06C871E1-0105-46F9-A6D2-450CEC606646}.Release|x86.ActiveCfg = Release|Any CPU
		{06C871E1-0105-46F9-A6D2-450CEC606646}.Release|x86.Build.0 = Release|Any CPU
		{D1D75B92-AACD-4302-AC52-F9A6CC0DB096}.Debug|Any CPU.ActiveCfg = Debug|Any CPU
		{D1D75B92-AACD-4302-AC52-F9A6CC0DB096}.Debug|Any CPU.Build.0 = Debug|Any CPU
		{D1D75B92-AACD-4302-AC52-F9A6CC0DB096}.Debug|x86.ActiveCfg = Debug|Any CPU
		{D1D75B92-AACD-4302-AC52-F9A6CC0DB096}.Debug|x86.Build.0 = Debug|Any CPU
		{D1D75B92-AACD-4302-AC52-F9A6CC0DB096}.Release|Any CPU.ActiveCfg = Release|Any CPU
		{D1D75B92-AACD-4302-AC52-F9A6CC0DB096}.Release|Any CPU.Build.0 = Release|Any CPU
		{D1D75B92-AACD-4302-AC52-F9A6CC0DB096}.Release|x86.ActiveCfg = Release|Any CPU
		{D1D75B92-AACD-4302-AC52-F9A6CC0DB096}.Release|x86.Build.0 = Release|Any CPU
	EndGlobalSection
	GlobalSection(SolutionProperties) = preSolution
		HideSolutionNode = FALSE
	EndGlobalSection
	GlobalSection(ExtensibilityGlobals) = postSolution
		SolutionGuid = {148ABD16-FCA3-4FBC-A6B5-E992055E59EF}
	EndGlobalSection
EndGlobal
